# THIS IS AN AUTOGENERATED FILE. DO NOT EDIT THIS FILE DIRECTLY.
# yarn lockfile v1


graphql@^16.6.0:
  version "16.8.1"
  resolved "https://registry.npmjs.org/graphql/-/graphql-16.8.1.tgz#1930a965bef1170603702acdb68aedd3f3cf6f07"
  integrity sha512-59LZHPdGZVh695Ud9lRzPBVTtlX9ZCV150Er2W43ro37wVof0ctenSaskPPjN7lVTIN8mSZt8PHUNKZuNQUuxw==
